
Microsoft Visual Studio Solution File, Format Version 12.00
# Visual Studio Version 16
VisualStudioVersion = 16.0.31911.196
MinimumVisualStudioVersion = 10.0.40219.1
Project("{FAE04EC0-301F-11D3-BF4B-00C04F79EFBC}") = "CatchThemAll.Console", "CatchThemAll\CatchThemAll.Console.csproj", "{101BF2FE-9E19-48D0-968E-D9930113636F}"
EndProject
Project("{FAE04EC0-301F-11D3-BF4B-00C04F79EFBC}") = "CatchThemAll.Application", "CatchThemAll.Application\CatchThemAll.Application.csproj", "{5A47C9D3-4ABD-4022-B592-D6332A412D45}"
EndProject
Project("{FAE04EC0-301F-11D3-BF4B-00C04F79EFBC}") = "CatchThemAll.Infra.CrossCutting.IoC", "CatchThemAll.Infra.CrossCutting.IoC\CatchThemAll.Infra.CrossCutting.IoC.csproj", "{B35D877A-E661-405B-9AB5-2B4155FE65AE}"
EndProject
Project("{FAE04EC0-301F-11D3-BF4B-00C04F79EFBC}") = "CatchThemAll.Tests", "CatchThemAll.Tests\CatchThemAll.Tests.csproj", "{80DD4668-D433-48B4-94BA-62FB8298FD0A}"
EndProject
Project("{FAE04EC0-301F-11D3-BF4B-00C04F79EFBC}") = "CatchThemAll.Domain", "CatchThemAll.Domain\CatchThemAll.Domain.csproj", "{1DD443FC-5227-4CAF-A417-1D9B16783323}"
EndProject
Global
	GlobalSection(SolutionConfigurationPlatforms) = preSolution
		Debug|Any CPU = Debug|Any CPU
		Release|Any CPU = Release|Any CPU
	EndGlobalSection
	GlobalSection(ProjectConfigurationPlatforms) = postSolution
		{101BF2FE-9E19-48D0-968E-D9930113636F}.Debug|Any CPU.ActiveCfg = Debug|Any CPU
		{101BF2FE-9E19-48D0-968E-D9930113636F}.Debug|Any CPU.Build.0 = Debug|Any CPU
		{101BF2FE-9E19-48D0-968E-D9930113636F}.Release|Any CPU.ActiveCfg = Release|Any CPU
		{101BF2FE-9E19-48D0-968E-D9930113636F}.Release|Any CPU.Build.0 = Release|Any CPU
		{5A47C9D3-4ABD-4022-B592-D6332A412D45}.Debug|Any CPU.ActiveCfg = Debug|Any CPU
		{5A47C9D3-4ABD-4022-B592-D6332A412D45}.Debug|Any CPU.Build.0 = Debug|Any CPU
		{5A47C9D3-4ABD-4022-B592-D6332A412D45}.Release|Any CPU.ActiveCfg = Release|Any CPU
		{5A47C9D3-4ABD-4022-B592-D6332A412D45}.Release|Any CPU.Build.0 = Release|Any CPU
		{B35D877A-E661-405B-9AB5-2B4155FE65AE}.Debug|Any CPU.ActiveCfg = Debug|Any CPU
		{B35D877A-E661-405B-9AB5-2B4155FE65AE}.Debug|Any CPU.Build.0 = Debug|Any CPU
		{B35D877A-E661-405B-9AB5-2B4155FE65AE}.Release|Any CPU.ActiveCfg = Release|Any CPU
		{B35D877A-E661-405B-9AB5-2B4155FE65AE}.Release|Any CPU.Build.0 = Release|Any CPU
		{80DD4668-D433-48B4-94BA-62FB8298FD0A}.Debug|Any CPU.ActiveCfg = Debug|Any CPU
		{80DD4668-D433-48B4-94BA-62FB8298FD0A}.Debug|Any CPU.Build.0 = Debug|Any CPU
		{80DD4668-D433-48B4-94BA-62FB8298FD0A}.Release|Any CPU.ActiveCfg = Release|Any CPU
		{80DD4668-D433-48B4-94BA-62FB8298FD0A}.Release|Any CPU.Build.0 = Release|Any CPU
		{1DD443FC-5227-4CAF-A417-1D9B16783323}.Debug|Any CPU.ActiveCfg = Debug|Any CPU
		{1DD443FC-5227-4CAF-A417-1D9B16783323}.Debug|Any CPU.Build.0 = Debug|Any CPU
		{1DD443FC-5227-4CAF-A417-1D9B16783323}.Release|Any CPU.ActiveCfg = Release|Any CPU
		{1DD443FC-5227-4CAF-A417-1D9B16783323}.Release|Any CPU.Build.0 = Release|Any CPU
	EndGlobalSection
	GlobalSection(SolutionProperties) = preSolution
		HideSolutionNode = FALSE
	EndGlobalSection
	GlobalSection(ExtensibilityGlobals) = postSolution
		SolutionGuid = {C52CD22D-BFEA-4EAA-A6A1-DEDB74F71C05}
	EndGlobalSection
EndGlobal
